// !$*UTF8*$!
{
	archiveVersion = 1;
	classes = {
	};
	objectVersion = 46;
	objects = {

/* Begin PBXBuildFile section */
		64804217198CF5DE0075850C /* main.m in Sources */ = {isa = PBXBuildFile; fileRef = 64804216198CF5DE0075850C /* main.m */; };
		6480421A198CF5DE0075850C /* AppDelegate.m in Sources */ = {isa = PBXBuildFile; fileRef = 64804219198CF5DE0075850C /* AppDelegate.m */; };
		6480421D198CF5DE0075850C /* ViewController.m in Sources */ = {isa = PBXBuildFile; fileRef = 6480421C198CF5DE0075850C /* ViewController.m */; };
		64804220198CF5DE0075850C /* Main.storyboard in Resources */ = {isa = PBXBuildFile; fileRef = 6480421E198CF5DE0075850C /* Main.storyboard */; };
		64804222198CF5DE0075850C /* Images.xcassets in Resources */ = {isa = PBXBuildFile; fileRef = 64804221198CF5DE0075850C /* Images.xcassets */; };
		6480422E198CF5DE0075850C /* SocialLoginTutorialTests.m in Sources */ = {isa = PBXBuildFile; fileRef = 6480422D198CF5DE0075850C /* SocialLoginTutorialTests.m */; };
/* End PBXBuildFile section */

/* Begin PBXContainerItemProxy section */
		64804228198CF5DE0075850C /* PBXContainerItemProxy */ = {
			isa = PBXContainerItemProxy;
			containerPortal = 64804209198CF5DE0075850C /* Project object */;
			proxyType = 1;
			remoteGlobalIDString = 64804210198CF5DE0075850C;
			remoteInfo = SocialLoginTutorial;
		};
/* End PBXContainerItemProxy section */

/* Begin PBXFileReference section */
		64804211198CF5DE0075850C /* SocialLoginTutorial.app */ = {isa = PBXFileReference; explicitFileType = wrapper.application; includeInIndex = 0; path = SocialLoginTutorial.app; sourceTree = BUILT_PRODUCTS_DIR; };
		64804215198CF5DE0075850C /* Info.plist */ = {isa = PBXFileReference; lastKnownFileType = text.plist.xml; path = Info.plist; sourceTree = "<group>"; };
		64804216198CF5DE0075850C /* main.m */ = {isa = PBXFileReference; lastKnownFileType = sourcecode.c.objc; path = main.m; sourceTree = "<group>"; };
		64804218198CF5DE0075850C /* AppDelegate.h */ = {isa = PBXFileReference; lastKnownFileType = sourcecode.c.h; path = AppDelegate.h; sourceTree = "<group>"; };
		64804219198CF5DE0075850C /* AppDelegate.m */ = {isa = PBXFileReference; lastKnownFileType = sourcecode.c.objc; path = AppDelegate.m; sourceTree = "<group>"; };
		6480421B198CF5DE0075850C /* ViewController.h */ = {isa = PBXFileReference; lastKnownFileType = sourcecode.c.h; path = ViewController.h; sourceTree = "<group>"; };
		6480421C198CF5DE0075850C /* ViewController.m */ = {isa = PBXFileReference; lastKnownFileType = sourcecode.c.objc; path = ViewController.m; sourceTree = "<group>"; };
		6480421F198CF5DE0075850C /* Base */ = {isa = PBXFileReference; lastKnownFileType = file.storyboard; name = Base; path = Base.lproj/Main.storyboard; sourceTree = "<group>"; };
		64804221198CF5DE0075850C /* Images.xcassets */ = {isa = PBXFileReference; lastKnownFileType = folder.assetcatalog; path = Images.xcassets; sourceTree = "<group>"; };
		64804227198CF5DE0075850C /* SocialLoginTutorialTests.xctest */ = {isa = PBXFileReference; explicitFileType = wrapper.cfbundle; includeInIndex = 0; path = SocialLoginTutorialTests.xctest; sourceTree = BUILT_PRODUCTS_DIR; };
		6480422C198CF5DE0075850C /* Info.plist */ = {isa = PBXFileReference; lastKnownFileType = text.plist.xml; path = Info.plist; sourceTree = "<group>"; };
		6480422D198CF5DE0075850C /* SocialLoginTutorialTests.m */ = {isa = PBXFileReference; lastKnownFileType = sourcecode.c.objc; path = SocialLoginTutorialTests.m; sourceTree = "<group>"; };
/* End PBXFileReference section */

/* Begin PBXFrameworksBuildPhase section */
		6480420E198CF5DE0075850C /* Frameworks */ = {
			isa = PBXFrameworksBuildPhase;
			buildActionMask = 2147483647;
			files = (
			);
			runOnlyForDeploymentPostprocessing = 0;
		};
		64804224198CF5DE0075850C /* Frameworks */ = {
			isa = PBXFrameworksBuildPhase;
			buildActionMask = 2147483647;
			files = (
			);
			runOnlyForDeploymentPostprocessing = 0;
		};
/* End PBXFrameworksBuildPhase section */

/* Begin PBXGroup section */
		64804208198CF5DE0075850C = {
			isa = PBXGroup;
			children = (
				64804213198CF5DE0075850C /* SocialLoginTutorial */,
				6480422A198CF5DE0075850C /* SocialLoginTutorialTests */,
				64804212198CF5DE0075850C /* Products */,
			);
			sourceTree = "<group>";
		};
		64804212198CF5DE0075850C /* Products */ = {
			isa = PBXGroup;
			children = (
				64804211198CF5DE0075850C /* SocialLoginTutorial.app */,
				64804227198CF5DE0075850C /* SocialLoginTutorialTests.xctest */,
			);
			name = Products;
			sourceTree = "<group>";
		};
		64804213198CF5DE0075850C /* SocialLoginTutorial */ = {
			isa = PBXGroup;
			children = (
				64804218198CF5DE0075850C /* AppDelegate.h */,
				64804219198CF5DE0075850C /* AppDelegate.m */,
				6480421B198CF5DE0075850C /* ViewController.h */,
				6480421C198CF5DE0075850C /* ViewController.m */,
				6480421E198CF5DE0075850C /* Main.storyboard */,
				64804221198CF5DE0075850C /* Images.xcassets */,
				64804214198CF5DE0075850C /* Supporting Files */,
			);
			path = SocialLoginTutorial;
			sourceTree = "<group>";
		};
		64804214198CF5DE0075850C /* Supporting Files */ = {
			isa = PBXGroup;
			children = (
				64804215198CF5DE0075850C /* Info.plist */,
				64804216198CF5DE0075850C /* main.m */,
			);
			name = "Supporting Files";
			sourceTree = "<group>";
		};
		6480422A198CF5DE0075850C /* SocialLoginTutorialTests */ = {
			isa = PBXGroup;
			children = (
				6480422D198CF5DE0075850C /* SocialLoginTutorialTests.m */,
				6480422B198CF5DE0075850C /* Supporting Files */,
			);
			path = SocialLoginTutorialTests;
			sourceTree = "<group>";
		};
		6480422B198CF5DE0075850C /* Supporting Files */ = {
			isa = PBXGroup;
			children = (
				6480422C198CF5DE0075850C /* Info.plist */,
			);
			name = "Supporting Files";
			sourceTree = "<group>";
		};
/* End PBXGroup section */

/* Begin PBXNativeTarget section */
		64804210198CF5DE0075850C /* SocialLoginTutorial */ = {
			isa = PBXNativeTarget;
			buildConfigurationList = 64804231198CF5DE0075850C /* Build configuration list for PBXNativeTarget "SocialLoginTutorial" */;
			buildPhases = (
				6480420D198CF5DE0075850C /* Sources */,
				6480420E198CF5DE0075850C /* Frameworks */,
				6480420F198CF5DE0075850C /* Resources */,
			);
			buildRules = (
			);
			dependencies = (
			);
			name = SocialLoginTutorial;
			productName = SocialLoginTutorial;
			productReference = 64804211198CF5DE0075850C /* SocialLoginTutorial.app */;
			productType = "com.apple.product-type.application";
		};
		64804226198CF5DE0075850C /* SocialLoginTutorialTests */ = {
			isa = PBXNativeTarget;
			buildConfigurationList = 64804234198CF5DE0075850C /* Build configuration list for PBXNativeTarget "SocialLoginTutorialTests" */;
			buildPhases = (
				64804223198CF5DE0075850C /* Sources */,
				64804224198CF5DE0075850C /* Frameworks */,
				64804225198CF5DE0075850C /* Resources */,
			);
			buildRules = (
			);
			dependencies = (
				64804229198CF5DE0075850C /* PBXTargetDependency */,
			);
			name = SocialLoginTutorialTests;
			productName = SocialLoginTutorialTests;
			productReference = 64804227198CF5DE0075850C /* SocialLoginTutorialTests.xctest */;
			productType = "com.apple.product-type.bundle.unit-test";
		};
/* End PBXNativeTarget section */

/* Begin PBXProject section */
		64804209198CF5DE0075850C /* Project object */ = {
			isa = PBXProject;
			attributes = {
				LastUpgradeCheck = 0600;
				ORGANIZATIONNAME = Viggiosoft;
				TargetAttributes = {
					64804210198CF5DE0075850C = {
						CreatedOnToolsVersion = 6.0;
					};
					64804226198CF5DE0075850C = {
						CreatedOnToolsVersion = 6.0;
						TestTargetID = 64804210198CF5DE0075850C;
					};
				};
			};
			buildConfigurationList = 6480420C198CF5DE0075850C /* Build configuration list for PBXProject "SocialLoginTutorial" */;
			compatibilityVersion = "Xcode 3.2";
			developmentRegion = English;
			hasScannedForEncodings = 0;
			knownRegions = (
				en,
				Base,
			);
			mainGroup = 64804208198CF5DE0075850C;
			productRefGroup = 64804212198CF5DE0075850C /* Products */;
			projectDirPath = "";
			projectRoot = "";
			targets = (
				64804210198CF5DE0075850C /* SocialLoginTutorial */,
				64804226198CF5DE0075850C /* SocialLoginTutorialTests */,
			);
		};
/* End PBXProject section */

/* Begin PBXResourcesBuildPhase section */
		6480420F198CF5DE0075850C /* Resources */ = {
			isa = PBXResourcesBuildPhase;
			buildActionMask = 2147483647;
			files = (
				64804220198CF5DE0075850C /* Main.storyboard in Resources */,
				64804222198CF5DE0075850C /* Images.xcassets in Resources */,
			);
			runOnlyForDeploymentPostprocessing = 0;
		};
		64804225198CF5DE0075850C /* Resources */ = {
			isa = PBXResourcesBuildPhase;
			buildActionMask = 2147483647;
			files = (
			);
			runOnlyForDeploymentPostprocessing = 0;
		};
/* End PBXResourcesBuildPhase section */

/* Begin PBXSourcesBuildPhase section */
		6480420D198CF5DE0075850C /* Sources */ = {
			isa = PBXSourcesBuildPhase;
			buildActionMask = 2147483647;
			files = (
				6480421D198CF5DE0075850C /* ViewController.m in Sources */,
				6480421A198CF5DE0075850C /* AppDelegate.m in Sources */,
				64804217198CF5DE0075850C /* main.m in Sources */,
			);
			runOnlyForDeploymentPostprocessing = 0;
		};
		64804223198CF5DE0075850C /* Sources */ = {
			isa = PBXSourcesBuildPhase;
			buildActionMask = 2147483647;
			files = (
				6480422E198CF5DE0075850C /* SocialLoginTutorialTests.m in Sources */,
			);
			runOnlyForDeploymentPostprocessing = 0;
		};
/* End PBXSourcesBuildPhase section */

/* Begin PBXTargetDependency section */
		64804229198CF5DE0075850C /* PBXTargetDependency */ = {
			isa = PBXTargetDependency;
			target = 64804210198CF5DE0075850C /* SocialLoginTutorial */;
			targetProxy = 64804228198CF5DE0075850C /* PBXContainerItemProxy */;
		};
/* End PBXTargetDependency section */

/* Begin PBXVariantGroup section */
		6480421E198CF5DE0075850C /* Main.storyboard */ = {
			isa = PBXVariantGroup;
			children = (
				6480421F198CF5DE0075850C /* Base */,
			);
			name = Main.storyboard;
			sourceTree = "<group>";
		};
/* End PBXVariantGroup section */

/* Begin XCBuildConfiguration section */
		6480422F198CF5DE0075850C /* Debug */ = {
			isa = XCBuildConfiguration;
			buildSettings = {
				ALWAYS_SEARCH_USER_PATHS = NO;
				CLANG_CXX_LANGUAGE_STANDARD = "gnu++0x";
				CLANG_CXX_LIBRARY = "libc++";
				CLANG_ENABLE_MODULES = YES;
				CLANG_ENABLE_OBJC_ARC = YES;
				CLANG_WARN_BOOL_CONVERSION = YES;
				CLANG_WARN_CONSTANT_CONVERSION = YES;
				CLANG_WARN_DIRECT_OBJC_ISA_USAGE = YES_ERROR;
				CLANG_WARN_EMPTY_BODY = YES;
				CLANG_WARN_ENUM_CONVERSION = YES;
				CLANG_WARN_INT_CONVERSION = YES;
				CLANG_WARN_OBJC_ROOT_CLASS = YES_ERROR;
				CLANG_WARN_UNREACHABLE_CODE = YES;
				CLANG_WARN__DUPLICATE_METHOD_MATCH = YES;
				"CODE_SIGN_IDENTITY[sdk=iphoneos*]" = "iPhone Developer";
				COPY_PHASE_STRIP = NO;
				ENABLE_STRICT_OBJC_MSGSEND = YES;
				GCC_C_LANGUAGE_STANDARD = gnu99;
				GCC_DYNAMIC_NO_PIC = NO;
				GCC_OPTIMIZATION_LEVEL = 0;
				GCC_PREPROCESSOR_DEFINITIONS = (
					"DEBUG=1",
					"$(inherited)",
				);
				GCC_SYMBOLS_PRIVATE_EXTERN = NO;
				GCC_WARN_64_TO_32_BIT_CONVERSION = YES;
				GCC_WARN_ABOUT_RETURN_TYPE = YES_ERROR;
				GCC_WARN_UNDECLARED_SELECTOR = YES;
				GCC_WARN_UNINITIALIZED_AUTOS = YES_AGGRESSIVE;
				GCC_WARN_UNUSED_FUNCTION = YES;
				GCC_WARN_UNUSED_VARIABLE = YES;
				IPHONEOS_DEPLOYMENT_TARGET = 8.0;
				MTL_ENABLE_DEBUG_INFO = YES;
				ONLY_ACTIVE_ARCH = YES;
				SDKROOT = iphoneos;
			};
			name = Debug;
		};
		64804230198CF5DE0075850C /* Release */ = {
			isa = XCBuildConfiguration;
			buildSettings = {
				ALWAYS_SEARCH_USER_PATHS = NO;
				CLANG_CXX_LANGUAGE_STANDARD = "gnu++0x";
				CLANG_CXX_LIBRARY = "libc++";
				CLANG_ENABLE_MODULES = YES;
				CLANG_ENABLE_OBJC_ARC = YES;
				CLANG_WARN_BOOL_CONVERSION = YES;
				CLANG_WARN_CONSTANT_CONVERSION = YES;
				CLANG_WARN_DIRECT_OBJC_ISA_USAGE = YES_ERROR;
				CLANG_WARN_EMPTY_BODY = YES;
				CLANG_WARN_ENUM_CONVERSION = YES;
				CLANG_WARN_INT_CONVERSION = YES;
				CLANG_WARN_OBJC_ROOT_CLASS = YES_ERROR;
				CLANG_WARN_UNREACHABLE_CODE = YES;
				CLANG_WARN__DUPLICATE_METHOD_MATCH = YES;
				"CODE_SIGN_IDENTITY[sdk=iphoneos*]" = "iPhone Developer";
				COPY_PHASE_STRIP = YES;
				ENABLE_NS_ASSERTIONS = NO;
				ENABLE_STRICT_OBJC_MSGSEND = YES;
				GCC_C_LANGUAGE_STANDARD = gnu99;
				GCC_WARN_64_TO_32_BIT_CONVERSION = YES;
				GCC_WARN_ABOUT_RETURN_TYPE = YES_ERROR;
				GCC_WARN_UNDECLARED_SELECTOR = YES;
				GCC_WARN_UNINITIALIZED_AUTOS = YES_AGGRESSIVE;
				GCC_WARN_UNUSED_FUNCTION = YES;
				GCC_WARN_UNUSED_VARIABLE = YES;
				IPHONEOS_DEPLOYMENT_TARGET = 8.0;
				MTL_ENABLE_DEBUG_INFO = NO;
				SDKROOT = iphoneos;
				VALIDATE_PRODUCT = YES;
			};
			name = Release;
		};
		64804232198CF5DE0075850C /* Debug */ = {
			isa = XCBuildConfiguration;
			buildSettings = {
				ASSETCATALOG_COMPILER_APPICON_NAME = AppIcon;
				ASSETCATALOG_COMPILER_LAUNCHIMAGE_NAME = LaunchImage;
				INFOPLIST_FILE = SocialLoginTutorial/Info.plist;
				LD_RUNPATH_SEARCH_PATHS = "$(inherited) @executable_path/Frameworks";
				PRODUCT_NAME = "$(TARGET_NAME)";
			};
			name = Debug;
		};
		64804233198CF5DE0075850C /* Release */ = {
			isa = XCBuildConfiguration;
			buildSettings = {
				ASSETCATALOG_COMPILER_APPICON_NAME = AppIcon;
				ASSETCATALOG_COMPILER_LAUNCHIMAGE_NAME = LaunchImage;
				INFOPLIST_FILE = SocialLoginTutorial/Info.plist;
				LD_RUNPATH_SEARCH_PATHS = "$(inherited) @executable_path/Frameworks";
				PRODUCT_NAME = "$(TARGET_NAME)";
			};
			name = Release;
		};
		64804235198CF5DE0075850C /* Debug */ = {
			isa = XCBuildConfiguration;
			buildSettings = {
				BUNDLE_LOADER = "$(BUILT_PRODUCTS_DIR)/SocialLoginTutorial.app/SocialLoginTutorial";
				FRAMEWORK_SEARCH_PATHS = (
					"$(SDKROOT)/Developer/Library/Frameworks",
					"$(inherited)",
				);
				GCC_PREPROCESSOR_DEFINITIONS = (
					"DEBUG=1",
					"$(inherited)",
				);
				INFOPLIST_FILE = SocialLoginTutorialTests/Info.plist;
				LD_RUNPATH_SEARCH_PATHS = "$(inherited) @executable_path/Frameworks @loader_path/Frameworks";
				PRODUCT_NAME = "$(TARGET_NAME)";
				TEST_HOST = "$(BUNDLE_LOADER)";
			};
			name = Debug;
		};
		64804236198CF5DE0075850C /* Release */ = {
			isa = XCBuildConfiguration;
			buildSettings = {
				BUNDLE_LOADER = "$(BUILT_PRODUCTS_DIR)/SocialLoginTutorial.app/SocialLoginTutorial";
				FRAMEWORK_SEARCH_PATHS = (
					"$(SDKROOT)/Developer/Library/Frameworks",
					"$(inherited)",
				);
				INFOPLIST_FILE = SocialLoginTutorialTests/Info.plist;
				LD_RUNPATH_SEARCH_PATHS = "$(inherited) @executable_path/Frameworks @loader_path/Frameworks";
				PRODUCT_NAME = "$(TARGET_NAME)";
				TEST_HOST = "$(BUNDLE_LOADER)";
			};
			name = Release;
		};
/* End XCBuildConfiguration section */

/* Begin XCConfigurationList section */
		6480420C198CF5DE0075850C /* Build configuration list for PBXProject "SocialLoginTutorial" */ = {
			isa = XCConfigurationList;
			buildConfigurations = (
				6480422F198CF5DE0075850C /* Debug */,
				64804230198CF5DE0075850C /* Release */,
			);
			defaultConfigurationIsVisible = 0;
			defaultConfigurationName = Release;
		};
		64804231198CF5DE0075850C /* Build configuration list for PBXNativeTarget "SocialLoginTutorial" */ = {
			isa = XCConfigurationList;
			buildConfigurations = (
				64804232198CF5DE0075850C /* Debug */,
				64804233198CF5DE0075850C /* Release */,
			);
			defaultConfigurationIsVisible = 0;
		};
		64804234198CF5DE0075850C /* Build configuration list for PBXNativeTarget "SocialLoginTutorialTests" */ = {
			isa = XCConfigurationList;
			buildConfigurations = (
				64804235198CF5DE0075850C /* Debug */,
				64804236198CF5DE0075850C /* Release */,
			);
			defaultConfigurationIsVisible = 0;
		};
/* End XCConfigurationList section */
	};
	rootObject = 64804209198CF5DE0075850C /* Project object */;
}
